{
  "name": "vocal-native-sdk",
  "version": "1.0.0",
  "lockfileVersion": 3,
  "requires": true,
  "packages": {
    "": {
      "name": "vocal-native-sdk",
      "version": "1.0.0",
      "dependencies": {
        "sherpa-onnx-win-x64": "1.13.8"
      }
    },
    "node_modules/sherpa-onnx-win-x64": {
      "version": "1.13.8",
      "resolved": "https://registry.npmjs.org/sherpa-onnx-win-x64/-/sherpa-onnx-win-x64-1.13.8.tgz",
      "integrity": "sha512-oZF1c9VPOKtMwn83Bboc5XSWL+76BRoyB3eUuVnCknBKxwSULZU2Foia9VHWzU+n4I12rPsP6z6H9Rp1hD9o8g==",
      "cpu": [
        "x64"
      ],
      "license": "Apache-2.0",
      "os": [
        "win32"
      ]
    }
  }
}
